
Microsoft Visual Studio Solution File, Format Version 12.00
# Visual Studio Version 16
VisualStudioVersion = 16.0.33328.57
MinimumVisualStudioVersion = 10.0.40219.1
Project("{8BC9CEB8-8B4A-11D0-8D11-00A0C91BC942}") = "OpenCascadeSOP", "OpenCascadeSOP.vcxproj", "{03990A7F-55C0-471A-A168-9D529F1A840C}"
EndProject
Global
	GlobalSection(SolutionConfigurationPlatforms) = preSolution
		Debug|x64 = Debug|x64
		Release|x64 = Release|x64
	EndGlobalSection
	GlobalSection(ProjectConfigurationPlatforms) = postSolution
		{03990A7F-55C0-471A-A168-9D529F1A840C}.Debug|x64.ActiveCfg = Debug|x64
		{03990A7F-55C0-471A-A168-9D529F1A840C}.Debug|x64.Build.0 = Debug|x64
		{03990A7F-55C0-471A-A168-9D529F1A840C}.Release|x64.ActiveCfg = Release|x64
		{03990A7F-55C0-471A-A168-9D529F1A840C}.Release|x64.Build.0 = Release|x64
	EndGlobalSection
	GlobalSection(SolutionProperties) = preSolution
		HideSolutionNode = FALSE
	EndGlobalSection
	GlobalSection(ExtensibilityGlobals) = postSolution
		SolutionGuid = {7F43B2FE-6CE9-4E47-BF5F-81590E1DA4F5}
	EndGlobalSection
EndGlobal
